
Microsoft Visual Studio Solution File, Format Version 12.00
# Visual Studio Version 16
VisualStudioVersion = 16.0.32002.261
MinimumVisualStudioVersion = 10.0.40219.1
Project("{FAE04EC0-301F-11D3-BF4B-00C04F79EFBC}") = "Bussines", "Bussines\Bussines.csproj", "{84D1EF05-B753-4FCB-AB7A-3E4BBCFD2B78}"
EndProject
Project("{FAE04EC0-301F-11D3-BF4B-00C04F79EFBC}") = "DataAccess", "DataAccess\DataAccess.csproj", "{035A808B-7793-4DD0-85B7-E7B031DBFB81}"
EndProject
Project("{FAE04EC0-301F-11D3-BF4B-00C04F79EFBC}") = "Entities", "Entities\Entities.csproj", "{04195F3D-1D54-4EBC-ADF5-73877C7C6220}"
EndProject
Project("{FAE04EC0-301F-11D3-BF4B-00C04F79EFBC}") = "WebAPI", "WebAPI\WebAPI.csproj", "{82BE1454-CC25-404F-A4E6-D7D3015714DF}"
EndProject
Project("{FAE04EC0-301F-11D3-BF4B-00C04F79EFBC}") = "WebAPIWithWindowsForm", "WebAPIWithWindowsForm\WebAPIWithWindowsForm.csproj", "{2589AF79-3F74-4503-A618-DDAE257F087B}"
EndProject
Project("{FAE04EC0-301F-11D3-BF4B-00C04F79EFBC}") = "WebAPIWithCoreMvc", "WebAPIWithCoreMvc\WebAPIWithCoreMvc.csproj", "{E127405A-D562-4E2B-91AB-A28D69ADC03B}"
EndProject
Global
	GlobalSection(SolutionConfigurationPlatforms) = preSolution
		Debug|Any CPU = Debug|Any CPU
		Release|Any CPU = Release|Any CPU
	EndGlobalSection
	GlobalSection(ProjectConfigurationPlatforms) = postSolution
		{84D1EF05-B753-4FCB-AB7A-3E4BBCFD2B78}.Debug|Any CPU.ActiveCfg = Debug|Any CPU
		{84D1EF05-B753-4FCB-AB7A-3E4BBCFD2B78}.Debug|Any CPU.Build.0 = Debug|Any CPU
		{84D1EF05-B753-4FCB-AB7A-3E4BBCFD2B78}.Release|Any CPU.ActiveCfg = Release|Any CPU
		{84D1EF05-B753-4FCB-AB7A-3E4BBCFD2B78}.Release|Any CPU.Build.0 = Release|Any CPU
		{035A808B-7793-4DD0-85B7-E7B031DBFB81}.Debug|Any CPU.ActiveCfg = Debug|Any CPU
		{035A808B-7793-4DD0-85B7-E7B031DBFB81}.Debug|Any CPU.Build.0 = Debug|Any CPU
		{035A808B-7793-4DD0-85B7-E7B031DBFB81}.Release|Any CPU.ActiveCfg = Release|Any CPU
		{035A808B-7793-4DD0-85B7-E7B031DBFB81}.Release|Any CPU.Build.0 = Release|Any CPU
		{04195F3D-1D54-4EBC-ADF5-73877C7C6220}.Debug|Any CPU.ActiveCfg = Debug|Any CPU
		{04195F3D-1D54-4EBC-ADF5-73877C7C6220}.Debug|Any CPU.Build.0 = Debug|Any CPU
		{04195F3D-1D54-4EBC-ADF5-73877C7C6220}.Release|Any CPU.ActiveCfg = Release|Any CPU
		{04195F3D-1D54-4EBC-ADF5-73877C7C6220}.Release|Any CPU.Build.0 = Release|Any CPU
		{82BE1454-CC25-404F-A4E6-D7D3015714DF}.Debug|Any CPU.ActiveCfg = Debug|Any CPU
		{82BE1454-CC25-404F-A4E6-D7D3015714DF}.Debug|Any CPU.Build.0 = Debug|Any CPU
		{82BE1454-CC25-404F-A4E6-D7D3015714DF}.Release|Any CPU.ActiveCfg = Release|Any CPU
		{82BE1454-CC25-404F-A4E6-D7D3015714DF}.Release|Any CPU.Build.0 = Release|Any CPU
		{2589AF79-3F74-4503-A618-DDAE257F087B}.Debug|Any CPU.ActiveCfg = Debug|Any CPU
		{2589AF79-3F74-4503-A618-DDAE257F087B}.Debug|Any CPU.Build.0 = Debug|Any CPU
		{2589AF79-3F74-4503-A618-DDAE257F087B}.Release|Any CPU.ActiveCfg = Release|Any CPU
		{2589AF79-3F74-4503-A618-DDAE257F087B}.Release|Any CPU.Build.0 = Release|Any CPU
		{E127405A-D562-4E2B-91AB-A28D69ADC03B}.Debug|Any CPU.ActiveCfg = Debug|Any CPU
		{E127405A-D562-4E2B-91AB-A28D69ADC03B}.Debug|Any CPU.Build.0 = Debug|Any CPU
		{E127405A-D562-4E2B-91AB-A28D69ADC03B}.Release|Any CPU.ActiveCfg = Release|Any CPU
		{E127405A-D562-4E2B-91AB-A28D69ADC03B}.Release|Any CPU.Build.0 = Release|Any CPU
	EndGlobalSection
	GlobalSection(SolutionProperties) = preSolution
		HideSolutionNode = FALSE
	EndGlobalSection
	GlobalSection(ExtensibilityGlobals) = postSolution
		SolutionGuid = {8D840000-2185-4DA7-B6F2-149921ADD53A}
	EndGlobalSection
EndGlobal
